
Microsoft Visual Studio Solution File, Format Version 12.00
# Visual Studio Version 17
VisualStudioVersion = 17.11.35312.102
MinimumVisualStudioVersion = 10.0.40219.1
Project("{9A19103F-16F7-4668-BE54-9A1E7A4F7556}") = "Tyuiu.KukarskiySA.Sprint5", "Tyuiu.KukarskiySA.Sprint5\Tyuiu.KukarskiySA.Sprint5.csproj", "{43CA2853-64A6-47F2-BE9D-24CD82B3D8D7}"
EndProject
Project("{2150E333-8FDC-42A3-9474-1A3956D46DE8}") = "Task0", "Task0", "{98526730-E595-4DF0-ABBA-0260BB1FDDFB}"
EndProject
Project("{9A19103F-16F7-4668-BE54-9A1E7A4F7556}") = "Tyuiu.KukarskiySA.Sprint5.Task0.V24", "Tyuiu.KukarskiySA.Sprint5.Task0.V24\Tyuiu.KukarskiySA.Sprint5.Task0.V24.csproj", "{31353240-E392-46F5-9F61-92CC4E81BCF8}"
EndProject
Project("{9A19103F-16F7-4668-BE54-9A1E7A4F7556}") = "Tyuiu.KukarskiySA.Sprint5.Task0.V24.Lib", "Tyuiu.KukarskiySA.Sprint5.Task0.V24.Lib\Tyuiu.KukarskiySA.Sprint5.Task0.V24.Lib.csproj", "{7C2A655C-7C50-440F-BC39-DD811D2399C9}"
EndProject
Project("{9A19103F-16F7-4668-BE54-9A1E7A4F7556}") = "Tyuiu.KukarskiySA.Sprint5.Task0.V24.Test", "Tyuiu.KukarskiySA.Sprint5.Task0.V24.Test\Tyuiu.KukarskiySA.Sprint5.Task0.V24.Test.csproj", "{99684173-4B05-422C-B843-88A6D5433119}"
EndProject
Project("{2150E333-8FDC-42A3-9474-1A3956D46DE8}") = "Task1", "Task1", "{8CEB5689-5A4D-42F5-9C8C-203173D8443C}"
EndProject
Project("{9A19103F-16F7-4668-BE54-9A1E7A4F7556}") = "Tyuiu.KukarskiySA.Sprint5.Task1.V25", "Tyuiu.KukarskiySA.Sprint5.Task1.V25\Tyuiu.KukarskiySA.Sprint5.Task1.V25.csproj", "{194752CB-B900-427C-AE41-8862AB095B21}"
EndProject
Project("{9A19103F-16F7-4668-BE54-9A1E7A4F7556}") = "Tyuiu.KukarskiySA.Sprint5.Task1.V25.Lib", "Tyuiu.KukarskiySA.Sprint5.Task1.V25.Lib\Tyuiu.KukarskiySA.Sprint5.Task1.V25.Lib.csproj", "{BD142F4E-5C50-46B9-B69F-3A8D3779C492}"
EndProject
Project("{9A19103F-16F7-4668-BE54-9A1E7A4F7556}") = "Tyuiu.KukarskiySA.Sprint5.Task1.V25.Test", "Tyuiu.KukarskiySA.Sprint5.Task1.V25.Test\Tyuiu.KukarskiySA.Sprint5.Task1.V25.Test.csproj", "{3D6CDECD-FEB7-4571-9341-C7AB3B184290}"
EndProject
Project("{2150E333-8FDC-42A3-9474-1A3956D46DE8}") = "Task2", "Task2", "{D3971A68-D1A7-4231-BEE1-101E3F01E1CB}"
EndProject
Project("{FAE04EC0-301F-11D3-BF4B-00C04F79EFBC}") = "Tyuiu.KukarskiySA.Sprint5.Task2.V11", "Tyuiu.KukarskiySA.Sprint5.Task2.V11\Tyuiu.KukarskiySA.Sprint5.Task2.V11.csproj", "{9B4F2D55-09A2-45FA-81BC-386ED0C970D6}"
EndProject
Project("{FAE04EC0-301F-11D3-BF4B-00C04F79EFBC}") = "Tyuiu.KukarskiySA.Sprint5.Task2.V11.Lib", "Tyuiu.KukarskiySA.Sprint5.Task2.V11.Lib\Tyuiu.KukarskiySA.Sprint5.Task2.V11.Lib.csproj", "{4FEA7A32-C77E-4208-A0CC-C76F02306278}"
EndProject
Project("{FAE04EC0-301F-11D3-BF4B-00C04F79EFBC}") = "Tyuiu.KukarskiySA.Sprint5.Task2.V11.Test", "Tyuiu.KukarskiySA.Sprint5.Task2.V11.Test\Tyuiu.KukarskiySA.Sprint5.Task2.V11.Test.csproj", "{DECE626A-6946-4FD2-8B97-E73163A68C49}"
EndProject
Project("{2150E333-8FDC-42A3-9474-1A3956D46DE8}") = "Task3", "Task3", "{60728270-92AD-4D1E-BE17-43A53DC481ED}"
EndProject
Project("{FAE04EC0-301F-11D3-BF4B-00C04F79EFBC}") = "Tyuiu.KukarskiySA.Sprint5.Task3.V12", "Tyuiu.KukarskiySA.Sprint5.Task3.V12\Tyuiu.KukarskiySA.Sprint5.Task3.V12.csproj", "{8C94ED37-B1F8-456A-9F2D-924EE1292B1D}"
EndProject
Project("{FAE04EC0-301F-11D3-BF4B-00C04F79EFBC}") = "Tyuiu.KukarskiySA.Sprint5.Task3.V12.Lib", "Tyuiu.KukarskiySA.Sprint5.Task3.V12.Lib\Tyuiu.KukarskiySA.Sprint5.Task3.V12.Lib.csproj", "{865B3B06-0123-4992-967D-9B15A13FA467}"
EndProject
Project("{FAE04EC0-301F-11D3-BF4B-00C04F79EFBC}") = "Tyuiu.KukarskiySA.Sprint5.Task3.V12.Test", "Tyuiu.KukarskiySA.Sprint5.Task3.V12.Test\Tyuiu.KukarskiySA.Sprint5.Task3.V12.Test.csproj", "{2C719EBE-FC1A-4238-AFED-0D18F3454C33}"
EndProject
Project("{2150E333-8FDC-42A3-9474-1A3956D46DE8}") = "Task4", "Task4", "{56E336E8-241F-47ED-82FA-7EA9B75F5BB8}"
EndProject
Project("{FAE04EC0-301F-11D3-BF4B-00C04F79EFBC}") = "Tyuiu.KukarskiySA.Sprint5.Task4.V21", "Tyuiu.KukarskiySA.Sprint5.Task4.V21\Tyuiu.KukarskiySA.Sprint5.Task4.V21.csproj", "{F50E2F73-FF47-4187-9F61-C00F54A1F3FC}"
EndProject
Project("{FAE04EC0-301F-11D3-BF4B-00C04F79EFBC}") = "Tyuiu.KukarskiySA.Sprint5.Task4.V21.Lib", "Tyuiu.KukarskiySA.Sprint5.Task4.V21.Lib\Tyuiu.KukarskiySA.Sprint5.Task4.V21.Lib.csproj", "{E18C991D-5A16-44F5-8E4E-45173C7068F6}"
EndProject
Project("{FAE04EC0-301F-11D3-BF4B-00C04F79EFBC}") = "Tyuiu.KukarskiySA.Sprint5.Task4.V21.Test", "Tyuiu.KukarskiySA.Sprint5.Task4.V21.Test\Tyuiu.KukarskiySA.Sprint5.Task4.V21.Test.csproj", "{F89B7CAA-9BCC-4C18-B2E1-CE4B254478D1}"
EndProject
Project("{2150E333-8FDC-42A3-9474-1A3956D46DE8}") = "Task5", "Task5", "{E3753A88-84E8-418A-B24E-776D9C297C2A}"
EndProject
Project("{FAE04EC0-301F-11D3-BF4B-00C04F79EFBC}") = "Tyuiu.KukarskiySA.Sprint5.Task5.V23", "Tyuiu.KukarskiySA.Sprint5.Task5.V23\Tyuiu.KukarskiySA.Sprint5.Task5.V23.csproj", "{93A0900D-02D5-44B5-ACB7-D1043F378C33}"
EndProject
Project("{FAE04EC0-301F-11D3-BF4B-00C04F79EFBC}") = "Tyuiu.KukarskiySA.Sprint5.Task5.V23.Lib", "Tyuiu.KukarskiySA.Sprint5.Task5.V23.Lib\Tyuiu.KukarskiySA.Sprint5.Task5.V23.Lib.csproj", "{C262E1DD-93CD-4F98-9311-F371C7AF63F1}"
EndProject
Project("{FAE04EC0-301F-11D3-BF4B-00C04F79EFBC}") = "Tyuiu.KukarskiySA.Sprint5.Task5.V23.Test", "Tyuiu.KukarskiySA.Sprint5.Task5.V23.Test\Tyuiu.KukarskiySA.Sprint5.Task5.V23.Test.csproj", "{AE9D5363-E941-477C-AAD7-C129139F3D08}"
EndProject
Project("{2150E333-8FDC-42A3-9474-1A3956D46DE8}") = "Task6", "Task6", "{5FD13196-45FA-47B1-B7E1-61BB5CEA177C}"
EndProject
Project("{FAE04EC0-301F-11D3-BF4B-00C04F79EFBC}") = "Tyuiu.KukarskiySA.Sprint5.Task6.V27", "Tyuiu.KukarskiySA.Sprint5.Task6.V27\Tyuiu.KukarskiySA.Sprint5.Task6.V27.csproj", "{5CE169D0-2495-4A5A-89A8-6A6776967190}"
EndProject
Project("{FAE04EC0-301F-11D3-BF4B-00C04F79EFBC}") = "Tyuiu.KukarskiySA.Sprint5.Task6.V27.Lib", "Tyuiu.KukarskiySA.Sprint5.Task6.V27.Lib\Tyuiu.KukarskiySA.Sprint5.Task6.V27.Lib.csproj", "{13D904BF-D4EB-4719-816D-1D366FC7B620}"
EndProject
Project("{FAE04EC0-301F-11D3-BF4B-00C04F79EFBC}") = "Tyuiu.KukarskiySA.Sprint5.Task6.V27.Test", "Tyuiu.KukarskiySA.Sprint5.Task6.V27.Test\Tyuiu.KukarskiySA.Sprint5.Task6.V27.Test.csproj", "{99A713FA-DA50-4524-8EBE-AAFD20960628}"
EndProject
Global
	GlobalSection(SolutionConfigurationPlatforms) = preSolution
		Debug|Any CPU = Debug|Any CPU
		Release|Any CPU = Release|Any CPU
	EndGlobalSection
	GlobalSection(ProjectConfigurationPlatforms) = postSolution
		{43CA2853-64A6-47F2-BE9D-24CD82B3D8D7}.Debug|Any CPU.ActiveCfg = Debug|Any CPU
		{43CA2853-64A6-47F2-BE9D-24CD82B3D8D7}.Debug|Any CPU.Build.0 = Debug|Any CPU
		{43CA2853-64A6-47F2-BE9D-24CD82B3D8D7}.Release|Any CPU.ActiveCfg = Release|Any CPU
		{43CA2853-64A6-47F2-BE9D-24CD82B3D8D7}.Release|Any CPU.Build.0 = Release|Any CPU
		{31353240-E392-46F5-9F61-92CC4E81BCF8}.Debug|Any CPU.ActiveCfg = Debug|Any CPU
		{31353240-E392-46F5-9F61-92CC4E81BCF8}.Debug|Any CPU.Build.0 = Debug|Any CPU
		{31353240-E392-46F5-9F61-92CC4E81BCF8}.Release|Any CPU.ActiveCfg = Release|Any CPU
		{31353240-E392-46F5-9F61-92CC4E81BCF8}.Release|Any CPU.Build.0 = Release|Any CPU
		{7C2A655C-7C50-440F-BC39-DD811D2399C9}.Debug|Any CPU.ActiveCfg = Debug|Any CPU
		{7C2A655C-7C50-440F-BC39-DD811D2399C9}.Debug|Any CPU.Build.0 = Debug|Any CPU
		{7C2A655C-7C50-440F-BC39-DD811D2399C9}.Release|Any CPU.ActiveCfg = Release|Any CPU
		{7C2A655C-7C50-440F-BC39-DD811D2399C9}.Release|Any CPU.Build.0 = Release|Any CPU
		{99684173-4B05-422C-B843-88A6D5433119}.Debug|Any CPU.ActiveCfg = Debug|Any CPU
		{99684173-4B05-422C-B843-88A6D5433119}.Debug|Any CPU.Build.0 = Debug|Any CPU
		{99684173-4B05-422C-B843-88A6D5433119}.Release|Any CPU.ActiveCfg = Release|Any CPU
		{99684173-4B05-422C-B843-88A6D5433119}.Release|Any CPU.Build.0 = Release|Any CPU
		{194752CB-B900-427C-AE41-8862AB095B21}.Debug|Any CPU.ActiveCfg = Debug|Any CPU
		{194752CB-B900-427C-AE41-8862AB095B21}.Debug|Any CPU.Build.0 = Debug|Any CPU
		{194752CB-B900-427C-AE41-8862AB095B21}.Release|Any CPU.ActiveCfg = Release|Any CPU
		{194752CB-B900-427C-AE41-8862AB095B21}.Release|Any CPU.Build.0 = Release|Any CPU
		{BD142F4E-5C50-46B9-B69F-3A8D3779C492}.Debug|Any CPU.ActiveCfg = Debug|Any CPU
		{BD142F4E-5C50-46B9-B69F-3A8D3779C492}.Debug|Any CPU.Build.0 = Debug|Any CPU
		{BD142F4E-5C50-46B9-B69F-3A8D3779C492}.Release|Any CPU.ActiveCfg = Release|Any CPU
		{BD142F4E-5C50-46B9-B69F-3A8D3779C492}.Release|Any CPU.Build.0 = Release|Any CPU
		{3D6CDECD-FEB7-4571-9341-C7AB3B184290}.Debug|Any CPU.ActiveCfg = Debug|Any CPU
		{3D6CDECD-FEB7-4571-9341-C7AB3B184290}.Debug|Any CPU.Build.0 = Debug|Any CPU
		{3D6CDECD-FEB7-4571-9341-C7AB3B184290}.Release|Any CPU.ActiveCfg = Release|Any CPU
		{3D6CDECD-FEB7-4571-9341-C7AB3B184290}.Release|Any CPU.Build.0 = Release|Any CPU
		{9B4F2D55-09A2-45FA-81BC-386ED0C970D6}.Debug|Any CPU.ActiveCfg = Debug|Any CPU
		{9B4F2D55-09A2-45FA-81BC-386ED0C970D6}.Debug|Any CPU.Build.0 = Debug|Any CPU
		{9B4F2D55-09A2-45FA-81BC-386ED0C970D6}.Release|Any CPU.ActiveCfg = Release|Any CPU
		{9B4F2D55-09A2-45FA-81BC-386ED0C970D6}.Release|Any CPU.Build.0 = Release|Any CPU
		{4FEA7A32-C77E-4208-A0CC-C76F02306278}.Debug|Any CPU.ActiveCfg = Debug|Any CPU
		{4FEA7A32-C77E-4208-A0CC-C76F02306278}.Debug|Any CPU.Build.0 = Debug|Any CPU
		{4FEA7A32-C77E-4208-A0CC-C76F02306278}.Release|Any CPU.ActiveCfg = Release|Any CPU
		{4FEA7A32-C77E-4208-A0CC-C76F02306278}.Release|Any CPU.Build.0 = Release|Any CPU
		{DECE626A-6946-4FD2-8B97-E73163A68C49}.Debug|Any CPU.ActiveCfg = Debug|Any CPU
		{DECE626A-6946-4FD2-8B97-E73163A68C49}.Debug|Any CPU.Build.0 = Debug|Any CPU
		{DECE626A-6946-4FD2-8B97-E73163A68C49}.Release|Any CPU.ActiveCfg = Release|Any CPU
		{DECE626A-6946-4FD2-8B97-E73163A68C49}.Release|Any CPU.Build.0 = Release|Any CPU
		{8C94ED37-B1F8-456A-9F2D-924EE1292B1D}.Debug|Any CPU.ActiveCfg = Debug|Any CPU
		{8C94ED37-B1F8-456A-9F2D-924EE1292B1D}.Debug|Any CPU.Build.0 = Debug|Any CPU
		{8C94ED37-B1F8-456A-9F2D-924EE1292B1D}.Release|Any CPU.ActiveCfg = Release|Any CPU
		{8C94ED37-B1F8-456A-9F2D-924EE1292B1D}.Release|Any CPU.Build.0 = Release|Any CPU
		{865B3B06-0123-4992-967D-9B15A13FA467}.Debug|Any CPU.ActiveCfg = Debug|Any CPU
		{865B3B06-0123-4992-967D-9B15A13FA467}.Debug|Any CPU.Build.0 = Debug|Any CPU
		{865B3B06-0123-4992-967D-9B15A13FA467}.Release|Any CPU.ActiveCfg = Release|Any CPU
		{865B3B06-0123-4992-967D-9B15A13FA467}.Release|Any CPU.Build.0 = Release|Any CPU
		{2C719EBE-FC1A-4238-AFED-0D18F3454C33}.Debug|Any CPU.ActiveCfg = Debug|Any CPU
		{2C719EBE-FC1A-4238-AFED-0D18F3454C33}.Debug|Any CPU.Build.0 = Debug|Any CPU
		{2C719EBE-FC1A-4238-AFED-0D18F3454C33}.Release|Any CPU.ActiveCfg = Release|Any CPU
		{2C719EBE-FC1A-4238-AFED-0D18F3454C33}.Release|Any CPU.Build.0 = Release|Any CPU
		{F50E2F73-FF47-4187-9F61-C00F54A1F3FC}.Debug|Any CPU.ActiveCfg = Debug|Any CPU
		{F50E2F73-FF47-4187-9F61-C00F54A1F3FC}.Debug|Any CPU.Build.0 = Debug|Any CPU
		{F50E2F73-FF47-4187-9F61-C00F54A1F3FC}.Release|Any CPU.ActiveCfg = Release|Any CPU
		{F50E2F73-FF47-4187-9F61-C00F54A1F3FC}.Release|Any CPU.Build.0 = Release|Any CPU
		{E18C991D-5A16-44F5-8E4E-45173C7068F6}.Debug|Any CPU.ActiveCfg = Debug|Any CPU
		{E18C991D-5A16-44F5-8E4E-45173C7068F6}.Debug|Any CPU.Build.0 = Debug|Any CPU
		{E18C991D-5A16-44F5-8E4E-45173C7068F6}.Release|Any CPU.ActiveCfg = Release|Any CPU
		{E18C991D-5A16-44F5-8E4E-45173C7068F6}.Release|Any CPU.Build.0 = Release|Any CPU
		{F89B7CAA-9BCC-4C18-B2E1-CE4B254478D1}.Debug|Any CPU.ActiveCfg = Debug|Any CPU
		{F89B7CAA-9BCC-4C18-B2E1-CE4B254478D1}.Debug|Any CPU.Build.0 = Debug|Any CPU
		{F89B7CAA-9BCC-4C18-B2E1-CE4B254478D1}.Release|Any CPU.ActiveCfg = Release|Any CPU
		{F89B7CAA-9BCC-4C18-B2E1-CE4B254478D1}.Release|Any CPU.Build.0 = Release|Any CPU
		{93A0900D-02D5-44B5-ACB7-D1043F378C33}.Debug|Any CPU.ActiveCfg = Debug|Any CPU
		{93A0900D-02D5-44B5-ACB7-D1043F378C33}.Debug|Any CPU.Build.0 = Debug|Any CPU
		{93A0900D-02D5-44B5-ACB7-D1043F378C33}.Release|Any CPU.ActiveCfg = Release|Any CPU
		{93A0900D-02D5-44B5-ACB7-D1043F378C33}.Release|Any CPU.Build.0 = Release|Any CPU
		{C262E1DD-93CD-4F98-9311-F371C7AF63F1}.Debug|Any CPU.ActiveCfg = Debug|Any CPU
		{C262E1DD-93CD-4F98-9311-F371C7AF63F1}.Debug|Any CPU.Build.0 = Debug|Any CPU
		{C262E1DD-93CD-4F98-9311-F371C7AF63F1}.Release|Any CPU.ActiveCfg = Release|Any CPU
		{C262E1DD-93CD-4F98-9311-F371C7AF63F1}.Release|Any CPU.Build.0 = Release|Any CPU
		{AE9D5363-E941-477C-AAD7-C129139F3D08}.Debug|Any CPU.ActiveCfg = Debug|Any CPU
		{AE9D5363-E941-477C-AAD7-C129139F3D08}.Debug|Any CPU.Build.0 = Debug|Any CPU
		{AE9D5363-E941-477C-AAD7-C129139F3D08}.Release|Any CPU.ActiveCfg = Release|Any CPU
		{AE9D5363-E941-477C-AAD7-C129139F3D08}.Release|Any CPU.Build.0 = Release|Any CPU
		{5CE169D0-2495-4A5A-89A8-6A6776967190}.Debug|Any CPU.ActiveCfg = Debug|Any CPU
		{5CE169D0-2495-4A5A-89A8-6A6776967190}.Debug|Any CPU.Build.0 = Debug|Any CPU
		{5CE169D0-2495-4A5A-89A8-6A6776967190}.Release|Any CPU.ActiveCfg = Release|Any CPU
		{5CE169D0-2495-4A5A-89A8-6A6776967190}.Release|Any CPU.Build.0 = Release|Any CPU
		{13D904BF-D4EB-4719-816D-1D366FC7B620}.Debug|Any CPU.ActiveCfg = Debug|Any CPU
		{13D904BF-D4EB-4719-816D-1D366FC7B620}.Debug|Any CPU.Build.0 = Debug|Any CPU
		{13D904BF-D4EB-4719-816D-1D366FC7B620}.Release|Any CPU.ActiveCfg = Release|Any CPU
		{13D904BF-D4EB-4719-816D-1D366FC7B620}.Release|Any CPU.Build.0 = Release|Any CPU
		{99A713FA-DA50-4524-8EBE-AAFD20960628}.Debug|Any CPU.ActiveCfg = Debug|Any CPU
		{99A713FA-DA50-4524-8EBE-AAFD20960628}.Debug|Any CPU.Build.0 = Debug|Any CPU
		{99A713FA-DA50-4524-8EBE-AAFD20960628}.Release|Any CPU.ActiveCfg = Release|Any CPU
		{99A713FA-DA50-4524-8EBE-AAFD20960628}.Release|Any CPU.Build.0 = Release|Any CPU
	EndGlobalSection
	GlobalSection(SolutionProperties) = preSolution
		HideSolutionNode = FALSE
	EndGlobalSection
	GlobalSection(NestedProjects) = preSolution
		{31353240-E392-46F5-9F61-92CC4E81BCF8} = {98526730-E595-4DF0-ABBA-0260BB1FDDFB}
		{7C2A655C-7C50-440F-BC39-DD811D2399C9} = {98526730-E595-4DF0-ABBA-0260BB1FDDFB}
		{99684173-4B05-422C-B843-88A6D5433119} = {98526730-E595-4DF0-ABBA-0260BB1FDDFB}
		{194752CB-B900-427C-AE41-8862AB095B21} = {8CEB5689-5A4D-42F5-9C8C-203173D8443C}
		{BD142F4E-5C50-46B9-B69F-3A8D3779C492} = {8CEB5689-5A4D-42F5-9C8C-203173D8443C}
		{3D6CDECD-FEB7-4571-9341-C7AB3B184290} = {8CEB5689-5A4D-42F5-9C8C-203173D8443C}
		{9B4F2D55-09A2-45FA-81BC-386ED0C970D6} = {D3971A68-D1A7-4231-BEE1-101E3F01E1CB}
		{4FEA7A32-C77E-4208-A0CC-C76F02306278} = {D3971A68-D1A7-4231-BEE1-101E3F01E1CB}
		{DECE626A-6946-4FD2-8B97-E73163A68C49} = {D3971A68-D1A7-4231-BEE1-101E3F01E1CB}
		{8C94ED37-B1F8-456A-9F2D-924EE1292B1D} = {60728270-92AD-4D1E-BE17-43A53DC481ED}
		{865B3B06-0123-4992-967D-9B15A13FA467} = {60728270-92AD-4D1E-BE17-43A53DC481ED}
		{2C719EBE-FC1A-4238-AFED-0D18F3454C33} = {60728270-92AD-4D1E-BE17-43A53DC481ED}
		{F50E2F73-FF47-4187-9F61-C00F54A1F3FC} = {56E336E8-241F-47ED-82FA-7EA9B75F5BB8}
		{E18C991D-5A16-44F5-8E4E-45173C7068F6} = {56E336E8-241F-47ED-82FA-7EA9B75F5BB8}
		{F89B7CAA-9BCC-4C18-B2E1-CE4B254478D1} = {56E336E8-241F-47ED-82FA-7EA9B75F5BB8}
		{93A0900D-02D5-44B5-ACB7-D1043F378C33} = {E3753A88-84E8-418A-B24E-776D9C297C2A}
		{C262E1DD-93CD-4F98-9311-F371C7AF63F1} = {E3753A88-84E8-418A-B24E-776D9C297C2A}
		{AE9D5363-E941-477C-AAD7-C129139F3D08} = {E3753A88-84E8-418A-B24E-776D9C297C2A}
		{5CE169D0-2495-4A5A-89A8-6A6776967190} = {5FD13196-45FA-47B1-B7E1-61BB5CEA177C}
		{13D904BF-D4EB-4719-816D-1D366FC7B620} = {5FD13196-45FA-47B1-B7E1-61BB5CEA177C}
		{99A713FA-DA50-4524-8EBE-AAFD20960628} = {5FD13196-45FA-47B1-B7E1-61BB5CEA177C}
	EndGlobalSection
	GlobalSection(ExtensibilityGlobals) = postSolution
		SolutionGuid = {FB424C44-A915-49DE-A3F1-A55D8AC41E41}
	EndGlobalSection
EndGlobal
